
Microsoft Visual Studio Solution File, Format Version 12.00
Project("{FAE04EC0-301F-11D3-BF4B-00C04F79EFBC}") = "lab7", "lab7\lab7.csproj", "{BBC67EB3-8368-4279-AF2D-C965CD6A7507}"
EndProject
Global
	GlobalSection(SolutionConfigurationPlatforms) = preSolution
		Debug|Any CPU = Debug|Any CPU
		Release|Any CPU = Release|Any CPU
	EndGlobalSection
	GlobalSection(ProjectConfigurationPlatforms) = postSolution
		{BBC67EB3-8368-4279-AF2D-C965CD6A7507}.Debug|Any CPU.ActiveCfg = Debug|Any CPU
		{BBC67EB3-8368-4279-AF2D-C965CD6A7507}.Debug|Any CPU.Build.0 = Debug|Any CPU
		{BBC67EB3-8368-4279-AF2D-C965CD6A7507}.Release|Any CPU.ActiveCfg = Release|Any CPU
		{BBC67EB3-8368-4279-AF2D-C965CD6A7507}.Release|Any CPU.Build.0 = Release|Any CPU
	EndGlobalSection
EndGlobal
